<?xml version="1.0" encoding="utf-8" standalone="yes"?>
<CodeBlocks_project_file>
	<FileVersion major="1" minor="6" />
	<Project>
		<Option title="tests" />
		<Option pch_mode="2" />
		<Option compiler="gcc" />
		<Build>
			<Target title="Debug">
				<Option output="bin/Debug/tests" prefix_auto="1" extension_auto="1" />
				<Option object_output="obj/Debug/" />
				<Option type="1" />
				<Option compiler="gcc" />
				<Compiler>
					<Add option="-std=c++11" />
					<Add option="-g" />
					<Add directory="../include" />
					<Add directory="../corelib/cpp" />
				</Compiler>
				<Linker>
					<Add library="../corelib/bin/Debug/corelib.a" />
					<Add library="../include/cppformat/cppformat/libcppformat.a" />
				</Linker>
			</Target>
			<Target title="Release">
				<Option output="bin/Release/tests" prefix_auto="1" extension_auto="1" />
				<Option object_output="obj/Release/" />
				<Option type="1" />
				<Option compiler="gcc" />
				<Compiler>
					<Add option="-O2" />
				</Compiler>
				<Linker>
					<Add option="-s" />
				</Linker>
			</Target>
		</Build>
		<Compiler>
			<Add option="-Wall" />
			<Add option="-fexceptions" />
		</Compiler>
		<Extensions>
			<code_completion />
			<envvars />
			<debugger />
		</Extensions>
		<Unit filename="cpp/tests.h" />
		<Unit filename="cpp/Assert.cpp" />
		<Unit filename="cpp/Core.Tests.cpp" />
		<Unit filename="cpp/Core.XClassL0.cpp" />
		<Unit filename="cpp/Core.XClassL1.cpp" />
		<Unit filename="cpp/Core.XClassL2.cpp" />
		<Unit filename="cpp/Core.XDelegate.cpp" />
		<Unit filename="cpp/Core.XStruct.cpp" />
		<Unit filename="cpp/Program.cpp" />
		<Unit filename="cpp/SyntaxTests.cpp" />
		<Unit filename="cpp/Util.cpp" />
	</Project>
</CodeBlocks_project_file>
